{
  "name": "1415fee72ff6294b",
  "lockfileVersion": 3,
  "requires": true,
  "packages": {
    "": {
      "dependencies": {
        "create-vite": "^8.0.1"
      }
    },
    "node_modules/create-vite": {
      "version": "8.0.1",
      "resolved": "https://registry.npmmirror.com/create-vite/-/create-vite-8.0.1.tgz",
      "integrity": "sha512-psKi5uYJ7lWHscVz/j3Nvi+014BCTspaxABgfDWKoQWGOcf+wymtw4x6SK40ZoZlnGWY0w85QJM83nKUJNufhw==",
      "license": "MIT",
      "bin": {
        "create-vite": "index.js",
        "cva": "index.js"
      },
      "engines": {
        "node": "^20.19.0 || >=22.12.0"
      },
      "funding": {
        "url": "https://github.com/vitejs/vite?sponsor=1"
      }
    }
  }
}
